PODS:
  - XLPagerTabStrip (8.1.0)

DEPENDENCIES:
  - XLPagerTabStrip (~> 8.1)

SPEC REPOS:
  https://github.com/cocoapods/specs.git:
    - XLPagerTabStrip

SPEC CHECKSUMS:
  XLPagerTabStrip: 22d4c58200d7c105e0e407ab6bfd01a5d85014be

PODFILE CHECKSUM: 3ddfbb1f1ff9934cf76a3045b695b08a160ada60

COCOAPODS: 1.5.3
